
Microsoft Visual Studio Solution File, Format Version 12.00
# Visual Studio Version 17
VisualStudioVersion = 17.11.35327.3
MinimumVisualStudioVersion = 10.0.40219.1
Project("{9A19103F-16F7-4668-BE54-9A1E7A4F7556}") = "Shared", "Shared\Shared.csproj", "{B97B05E0-9737-4EBC-BDDA-9CF7B958F60D}"
EndProject
Project("{9A19103F-16F7-4668-BE54-9A1E7A4F7556}") = "Administrativo", "Administrativo\Administrativo.csproj", "{49F6B27A-7272-428F-83D6-50F056E5EA2D}"
EndProject
Project("{9A19103F-16F7-4668-BE54-9A1E7A4F7556}") = "GestionUsuarios", "GestionUsuarios\GestionUsuarios.csproj", "{53C77545-0E73-4231-BE18-0F5544A9CF4C}"
EndProject
Project("{9A19103F-16F7-4668-BE54-9A1E7A4F7556}") = "GestionCitas", "GestionCitas\GestionCitas.csproj", "{326F6390-A455-42EB-881D-DDCD5B0960F1}"
EndProject
Project("{9A19103F-16F7-4668-BE54-9A1E7A4F7556}") = "HistoriasClinicas", "HistoriasClinicas\HistoriasClinicas.csproj", "{F472E271-27C6-4B58-80A9-69AE39141CCD}"
EndProject
Project("{9A19103F-16F7-4668-BE54-9A1E7A4F7556}") = "Autenticacion", "Autenticacion\Autenticacion.csproj", "{BA926A34-DCC2-4152-BBC5-CA37BF6ED862}"
EndProject
Project("{9A19103F-16F7-4668-BE54-9A1E7A4F7556}") = "PortalPaciente", "PortalPaciente\PortalPaciente.csproj", "{4E32CEA8-33A6-4F38-88BC-58235F87EBF4}"
EndProject
Project("{9A19103F-16F7-4668-BE54-9A1E7A4F7556}") = "DAL", "DAL\DAL.csproj", "{839EA39B-76C1-453E-B192-80F635C573A5}"
EndProject
Project("{9A19103F-16F7-4668-BE54-9A1E7A4F7556}") = "BL", "BL\BL.csproj", "{68897C61-17AC-4429-946B-BA3D514D50ED}"
EndProject
Global
	GlobalSection(SolutionConfigurationPlatforms) = preSolution
		Debug|Any CPU = Debug|Any CPU
		Release|Any CPU = Release|Any CPU
	EndGlobalSection
	GlobalSection(ProjectConfigurationPlatforms) = postSolution
		{B97B05E0-9737-4EBC-BDDA-9CF7B958F60D}.Debug|Any CPU.ActiveCfg = Debug|Any CPU
		{B97B05E0-9737-4EBC-BDDA-9CF7B958F60D}.Debug|Any CPU.Build.0 = Debug|Any CPU
		{B97B05E0-9737-4EBC-BDDA-9CF7B958F60D}.Release|Any CPU.ActiveCfg = Release|Any CPU
		{B97B05E0-9737-4EBC-BDDA-9CF7B958F60D}.Release|Any CPU.Build.0 = Release|Any CPU
		{49F6B27A-7272-428F-83D6-50F056E5EA2D}.Debug|Any CPU.ActiveCfg = Debug|Any CPU
		{49F6B27A-7272-428F-83D6-50F056E5EA2D}.Debug|Any CPU.Build.0 = Debug|Any CPU
		{49F6B27A-7272-428F-83D6-50F056E5EA2D}.Release|Any CPU.ActiveCfg = Release|Any CPU
		{49F6B27A-7272-428F-83D6-50F056E5EA2D}.Release|Any CPU.Build.0 = Release|Any CPU
		{53C77545-0E73-4231-BE18-0F5544A9CF4C}.Debug|Any CPU.ActiveCfg = Debug|Any CPU
		{53C77545-0E73-4231-BE18-0F5544A9CF4C}.Debug|Any CPU.Build.0 = Debug|Any CPU
		{53C77545-0E73-4231-BE18-0F5544A9CF4C}.Release|Any CPU.ActiveCfg = Release|Any CPU
		{53C77545-0E73-4231-BE18-0F5544A9CF4C}.Release|Any CPU.Build.0 = Release|Any CPU
		{326F6390-A455-42EB-881D-DDCD5B0960F1}.Debug|Any CPU.ActiveCfg = Debug|Any CPU
		{326F6390-A455-42EB-881D-DDCD5B0960F1}.Debug|Any CPU.Build.0 = Debug|Any CPU
		{326F6390-A455-42EB-881D-DDCD5B0960F1}.Release|Any CPU.ActiveCfg = Release|Any CPU
		{326F6390-A455-42EB-881D-DDCD5B0960F1}.Release|Any CPU.Build.0 = Release|Any CPU
		{F472E271-27C6-4B58-80A9-69AE39141CCD}.Debug|Any CPU.ActiveCfg = Debug|Any CPU
		{F472E271-27C6-4B58-80A9-69AE39141CCD}.Debug|Any CPU.Build.0 = Debug|Any CPU
		{F472E271-27C6-4B58-80A9-69AE39141CCD}.Release|Any CPU.ActiveCfg = Release|Any CPU
		{F472E271-27C6-4B58-80A9-69AE39141CCD}.Release|Any CPU.Build.0 = Release|Any CPU
		{BA926A34-DCC2-4152-BBC5-CA37BF6ED862}.Debug|Any CPU.ActiveCfg = Debug|Any CPU
		{BA926A34-DCC2-4152-BBC5-CA37BF6ED862}.Debug|Any CPU.Build.0 = Debug|Any CPU
		{BA926A34-DCC2-4152-BBC5-CA37BF6ED862}.Release|Any CPU.ActiveCfg = Release|Any CPU
		{BA926A34-DCC2-4152-BBC5-CA37BF6ED862}.Release|Any CPU.Build.0 = Release|Any CPU
		{4E32CEA8-33A6-4F38-88BC-58235F87EBF4}.Debug|Any CPU.ActiveCfg = Debug|Any CPU
		{4E32CEA8-33A6-4F38-88BC-58235F87EBF4}.Debug|Any CPU.Build.0 = Debug|Any CPU
		{4E32CEA8-33A6-4F38-88BC-58235F87EBF4}.Release|Any CPU.ActiveCfg = Release|Any CPU
		{4E32CEA8-33A6-4F38-88BC-58235F87EBF4}.Release|Any CPU.Build.0 = Release|Any CPU
		{839EA39B-76C1-453E-B192-80F635C573A5}.Debug|Any CPU.ActiveCfg = Debug|Any CPU
		{839EA39B-76C1-453E-B192-80F635C573A5}.Debug|Any CPU.Build.0 = Debug|Any CPU
		{839EA39B-76C1-453E-B192-80F635C573A5}.Release|Any CPU.ActiveCfg = Release|Any CPU
		{839EA39B-76C1-453E-B192-80F635C573A5}.Release|Any CPU.Build.0 = Release|Any CPU
		{68897C61-17AC-4429-946B-BA3D514D50ED}.Debug|Any CPU.ActiveCfg = Debug|Any CPU
		{68897C61-17AC-4429-946B-BA3D514D50ED}.Debug|Any CPU.Build.0 = Debug|Any CPU
		{68897C61-17AC-4429-946B-BA3D514D50ED}.Release|Any CPU.ActiveCfg = Release|Any CPU
		{68897C61-17AC-4429-946B-BA3D514D50ED}.Release|Any CPU.Build.0 = Release|Any CPU
	EndGlobalSection
	GlobalSection(SolutionProperties) = preSolution
		HideSolutionNode = FALSE
	EndGlobalSection
	GlobalSection(ExtensibilityGlobals) = postSolution
		SolutionGuid = {A6C07A76-405D-46FB-AFA7-31889D77ECD7}
	EndGlobalSection
EndGlobal
